// !$*UTF8*$!
{
	archiveVersion = 1;
	classes = {
	};
	objectVersion = 50;
	objects = {

/* Begin PBXBuildFile section */
		8AB8508923C279FB00BED14E /* ASCalendar.framework in Frameworks */ = {isa = PBXBuildFile; fileRef = 8AB8507F23C279FA00BED14E /* ASCalendar.framework */; };
		8AB8508E23C279FB00BED14E /* ASCalendarTests.swift in Sources */ = {isa = PBXBuildFile; fileRef = 8AB8508D23C279FB00BED14E /* ASCalendarTests.swift */; };
		8AB8509023C279FB00BED14E /* ASCalendar.h in Headers */ = {isa = PBXBuildFile; fileRef = 8AB8508223C279FA00BED14E /* ASCalendar.h */; settings = {ATTRIBUTES = (Public, ); }; };
		CA1738EF23DF6612001FCA95 /* DefaultCalendarConfiguration.swift in Sources */ = {isa = PBXBuildFile; fileRef = CA1738D523DF6612001FCA95 /* DefaultCalendarConfiguration.swift */; };
		CA1738F023DF6612001FCA95 /* View.swift in Sources */ = {isa = PBXBuildFile; fileRef = CA1738D723DF6612001FCA95 /* View.swift */; };
		CA1738F123DF6612001FCA95 /* EnvironmentValues.swift in Sources */ = {isa = PBXBuildFile; fileRef = CA1738D823DF6612001FCA95 /* EnvironmentValues.swift */; };
		CA1738F223DF6612001FCA95 /* ASDateManager.swift in Sources */ = {isa = PBXBuildFile; fileRef = CA1738DA23DF6612001FCA95 /* ASDateManager.swift */; };
		CA1738F323DF6612001FCA95 /* DatesView.swift in Sources */ = {isa = PBXBuildFile; fileRef = CA1738DC23DF6612001FCA95 /* DatesView.swift */; };
		CA1738F423DF6612001FCA95 /* MonthView.swift in Sources */ = {isa = PBXBuildFile; fileRef = CA1738DD23DF6612001FCA95 /* MonthView.swift */; };
		CA1738F523DF6612001FCA95 /* Header.swift in Sources */ = {isa = PBXBuildFile; fileRef = CA1738DE23DF6612001FCA95 /* Header.swift */; };
		CA1738F623DF6612001FCA95 /* DateView.swift in Sources */ = {isa = PBXBuildFile; fileRef = CA1738DF23DF6612001FCA95 /* DateView.swift */; };
		CA1738F723DF6612001FCA95 /* CalendarView.swift in Sources */ = {isa = PBXBuildFile; fileRef = CA1738E023DF6612001FCA95 /* CalendarView.swift */; };
		CA1738F823DF6612001FCA95 /* PrimitiveStyleConfiguration.swift in Sources */ = {isa = PBXBuildFile; fileRef = CA1738E223DF6612001FCA95 /* PrimitiveStyleConfiguration.swift */; };
		CA1738F923DF6612001FCA95 /* GridView.swift in Sources */ = {isa = PBXBuildFile; fileRef = CA1738E523DF6612001FCA95 /* GridView.swift */; };
		CA1738FA23DF6612001FCA95 /* Date.swift in Sources */ = {isa = PBXBuildFile; fileRef = CA1738E723DF6612001FCA95 /* Date.swift */; };
		CA1738FB23DF6612001FCA95 /* Collection.swift in Sources */ = {isa = PBXBuildFile; fileRef = CA1738E823DF6612001FCA95 /* Collection.swift */; };
		CA1738FC23DF6612001FCA95 /* Int.swift in Sources */ = {isa = PBXBuildFile; fileRef = CA1738E923DF6612001FCA95 /* Int.swift */; };
		CA1738FD23DF6612001FCA95 /* CGFloat.swift in Sources */ = {isa = PBXBuildFile; fileRef = CA1738EA23DF6612001FCA95 /* CGFloat.swift */; };
		CA1738FE23DF6612001FCA95 /* Section.swift in Sources */ = {isa = PBXBuildFile; fileRef = CA1738EC23DF6612001FCA95 /* Section.swift */; };
		CA1738FF23DF6612001FCA95 /* DateState.swift in Sources */ = {isa = PBXBuildFile; fileRef = CA1738ED23DF6612001FCA95 /* DateState.swift */; };
		CA17390023DF6612001FCA95 /* ASDate.swift in Sources */ = {isa = PBXBuildFile; fileRef = CA1738EE23DF6612001FCA95 /* ASDate.swift */; };
/* End PBXBuildFile section */

/* Begin PBXContainerItemProxy section */
		8AB8508A23C279FB00BED14E /* PBXContainerItemProxy */ = {
			isa = PBXContainerItemProxy;
			containerPortal = 8AB8507623C279FA00BED14E /* Project object */;
			proxyType = 1;
			remoteGlobalIDString = 8AB8507E23C279FA00BED14E;
			remoteInfo = ASCalendar;
		};
/* End PBXContainerItemProxy section */

/* Begin PBXFileReference section */
		8AB8507F23C279FA00BED14E /* ASCalendar.framework */ = {isa = PBXFileReference; explicitFileType = wrapper.framework; includeInIndex = 0; path = ASCalendar.framework; sourceTree = BUILT_PRODUCTS_DIR; };
		8AB8508223C279FA00BED14E /* ASCalendar.h */ = {isa = PBXFileReference; lastKnownFileType = sourcecode.c.h; path = ASCalendar.h; sourceTree = "<group>"; };
		8AB8508323C279FA00BED14E /* Info.plist */ = {isa = PBXFileReference; lastKnownFileType = text.plist.xml; path = Info.plist; sourceTree = "<group>"; };
		8AB8508823C279FB00BED14E /* ASCalendarTests.xctest */ = {isa = PBXFileReference; explicitFileType = wrapper.cfbundle; includeInIndex = 0; path = ASCalendarTests.xctest; sourceTree = BUILT_PRODUCTS_DIR; };
		8AB8508D23C279FB00BED14E /* ASCalendarTests.swift */ = {isa = PBXFileReference; lastKnownFileType = sourcecode.swift; path = ASCalendarTests.swift; sourceTree = "<group>"; };
		8AB8508F23C279FB00BED14E /* Info.plist */ = {isa = PBXFileReference; lastKnownFileType = text.plist.xml; path = Info.plist; sourceTree = "<group>"; };
		CA1738D523DF6612001FCA95 /* DefaultCalendarConfiguration.swift */ = {isa = PBXFileReference; fileEncoding = 4; lastKnownFileType = sourcecode.swift; path = DefaultCalendarConfiguration.swift; sourceTree = "<group>"; };
		CA1738D723DF6612001FCA95 /* View.swift */ = {isa = PBXFileReference; fileEncoding = 4; lastKnownFileType = sourcecode.swift; path = View.swift; sourceTree = "<group>"; };
		CA1738D823DF6612001FCA95 /* EnvironmentValues.swift */ = {isa = PBXFileReference; fileEncoding = 4; lastKnownFileType = sourcecode.swift; path = EnvironmentValues.swift; sourceTree = "<group>"; };
		CA1738DA23DF6612001FCA95 /* ASDateManager.swift */ = {isa = PBXFileReference; fileEncoding = 4; lastKnownFileType = sourcecode.swift; path = ASDateManager.swift; sourceTree = "<group>"; };
		CA1738DC23DF6612001FCA95 /* DatesView.swift */ = {isa = PBXFileReference; fileEncoding = 4; lastKnownFileType = sourcecode.swift; path = DatesView.swift; sourceTree = "<group>"; };
		CA1738DD23DF6612001FCA95 /* MonthView.swift */ = {isa = PBXFileReference; fileEncoding = 4; lastKnownFileType = sourcecode.swift; path = MonthView.swift; sourceTree = "<group>"; };
		CA1738DE23DF6612001FCA95 /* Header.swift */ = {isa = PBXFileReference; fileEncoding = 4; lastKnownFileType = sourcecode.swift; path = Header.swift; sourceTree = "<group>"; };
		CA1738DF23DF6612001FCA95 /* DateView.swift */ = {isa = PBXFileReference; fileEncoding = 4; lastKnownFileType = sourcecode.swift; path = DateView.swift; sourceTree = "<group>"; };
		CA1738E023DF6612001FCA95 /* CalendarView.swift */ = {isa = PBXFileReference; fileEncoding = 4; lastKnownFileType = sourcecode.swift; path = CalendarView.swift; sourceTree = "<group>"; };
		CA1738E223DF6612001FCA95 /* PrimitiveStyleConfiguration.swift */ = {isa = PBXFileReference; fileEncoding = 4; lastKnownFileType = sourcecode.swift; path = PrimitiveStyleConfiguration.swift; sourceTree = "<group>"; };
		CA1738E523DF6612001FCA95 /* GridView.swift */ = {isa = PBXFileReference; fileEncoding = 4; lastKnownFileType = sourcecode.swift; path = GridView.swift; sourceTree = "<group>"; };
		CA1738E723DF6612001FCA95 /* Date.swift */ = {isa = PBXFileReference; fileEncoding = 4; lastKnownFileType = sourcecode.swift; path = Date.swift; sourceTree = "<group>"; };
		CA1738E823DF6612001FCA95 /* Collection.swift */ = {isa = PBXFileReference; fileEncoding = 4; lastKnownFileType = sourcecode.swift; path = Collection.swift; sourceTree = "<group>"; };
		CA1738E923DF6612001FCA95 /* Int.swift */ = {isa = PBXFileReference; fileEncoding = 4; lastKnownFileType = sourcecode.swift; path = Int.swift; sourceTree = "<group>"; };
		CA1738EA23DF6612001FCA95 /* CGFloat.swift */ = {isa = PBXFileReference; fileEncoding = 4; lastKnownFileType = sourcecode.swift; path = CGFloat.swift; sourceTree = "<group>"; };
		CA1738EC23DF6612001FCA95 /* Section.swift */ = {isa = PBXFileReference; fileEncoding = 4; lastKnownFileType = sourcecode.swift; path = Section.swift; sourceTree = "<group>"; };
		CA1738ED23DF6612001FCA95 /* DateState.swift */ = {isa = PBXFileReference; fileEncoding = 4; lastKnownFileType = sourcecode.swift; path = DateState.swift; sourceTree = "<group>"; };
		CA1738EE23DF6612001FCA95 /* ASDate.swift */ = {isa = PBXFileReference; fileEncoding = 4; lastKnownFileType = sourcecode.swift; path = ASDate.swift; sourceTree = "<group>"; };
/* End PBXFileReference section */

/* Begin PBXFrameworksBuildPhase section */
		8AB8507C23C279FA00BED14E /* Frameworks */ = {
			isa = PBXFrameworksBuildPhase;
			buildActionMask = 2147483647;
			files = (
			);
			runOnlyForDeploymentPostprocessing = 0;
		};
		8AB8508523C279FB00BED14E /* Frameworks */ = {
			isa = PBXFrameworksBuildPhase;
			buildActionMask = 2147483647;
			files = (
				8AB8508923C279FB00BED14E /* ASCalendar.framework in Frameworks */,
			);
			runOnlyForDeploymentPostprocessing = 0;
		};
/* End PBXFrameworksBuildPhase section */

/* Begin PBXGroup section */
		8AB8507523C279FA00BED14E = {
			isa = PBXGroup;
			children = (
				8AB8508123C279FA00BED14E /* ASCalendar */,
				8AB8508C23C279FB00BED14E /* ASCalendarTests */,
				8AB8508023C279FA00BED14E /* Products */,
			);
			sourceTree = "<group>";
		};
		8AB8508023C279FA00BED14E /* Products */ = {
			isa = PBXGroup;
			children = (
				8AB8507F23C279FA00BED14E /* ASCalendar.framework */,
				8AB8508823C279FB00BED14E /* ASCalendarTests.xctest */,
			);
			name = Products;
			sourceTree = "<group>";
		};
		8AB8508123C279FA00BED14E /* ASCalendar */ = {
			isa = PBXGroup;
			children = (
				CA1738D223DF6612001FCA95 /* Source */,
				8AB8508223C279FA00BED14E /* ASCalendar.h */,
				8AB8508323C279FA00BED14E /* Info.plist */,
			);
			path = ASCalendar;
			sourceTree = "<group>";
		};
		8AB8508C23C279FB00BED14E /* ASCalendarTests */ = {
			isa = PBXGroup;
			children = (
				8AB8508D23C279FB00BED14E /* ASCalendarTests.swift */,
				8AB8508F23C279FB00BED14E /* Info.plist */,
			);
			path = ASCalendarTests;
			sourceTree = "<group>";
		};
		CA1738D223DF6612001FCA95 /* Source */ = {
			isa = PBXGroup;
			children = (
				CA1738D323DF6612001FCA95 /* Calendar */,
				CA1738E323DF6612001FCA95 /* Common */,
				CA1738EB23DF6612001FCA95 /* Model */,
			);
			path = Source;
			sourceTree = "<group>";
		};
		CA1738D323DF6612001FCA95 /* Calendar */ = {
			isa = PBXGroup;
			children = (
				CA1738D423DF6612001FCA95 /* Style */,
				CA1738D623DF6612001FCA95 /* Extensions */,
				CA1738D923DF6612001FCA95 /* Manager */,
				CA1738DB23DF6612001FCA95 /* Views */,
				CA1738E123DF6612001FCA95 /* Protocols */,
			);
			path = Calendar;
			sourceTree = "<group>";
		};
		CA1738D423DF6612001FCA95 /* Style */ = {
			isa = PBXGroup;
			children = (
				CA1738D523DF6612001FCA95 /* DefaultCalendarConfiguration.swift */,
			);
			path = Style;
			sourceTree = "<group>";
		};
		CA1738D623DF6612001FCA95 /* Extensions */ = {
			isa = PBXGroup;
			children = (
				CA1738D723DF6612001FCA95 /* View.swift */,
				CA1738D823DF6612001FCA95 /* EnvironmentValues.swift */,
			);
			path = Extensions;
			sourceTree = "<group>";
		};
		CA1738D923DF6612001FCA95 /* Manager */ = {
			isa = PBXGroup;
			children = (
				CA1738DA23DF6612001FCA95 /* ASDateManager.swift */,
			);
			path = Manager;
			sourceTree = "<group>";
		};
		CA1738DB23DF6612001FCA95 /* Views */ = {
			isa = PBXGroup;
			children = (
				CA1738DC23DF6612001FCA95 /* DatesView.swift */,
				CA1738DD23DF6612001FCA95 /* MonthView.swift */,
				CA1738DE23DF6612001FCA95 /* Header.swift */,
				CA1738DF23DF6612001FCA95 /* DateView.swift */,
				CA1738E023DF6612001FCA95 /* CalendarView.swift */,
			);
			path = Views;
			sourceTree = "<group>";
		};
		CA1738E123DF6612001FCA95 /* Protocols */ = {
			isa = PBXGroup;
			children = (
				CA1738E223DF6612001FCA95 /* PrimitiveStyleConfiguration.swift */,
			);
			path = Protocols;
			sourceTree = "<group>";
		};
		CA1738E323DF6612001FCA95 /* Common */ = {
			isa = PBXGroup;
			children = (
				CA1738E423DF6612001FCA95 /* UI */,
				CA1738E623DF6612001FCA95 /* Extensions */,
			);
			path = Common;
			sourceTree = "<group>";
		};
		CA1738E423DF6612001FCA95 /* UI */ = {
			isa = PBXGroup;
			children = (
				CA1738E523DF6612001FCA95 /* GridView.swift */,
			);
			path = UI;
			sourceTree = "<group>";
		};
		CA1738E623DF6612001FCA95 /* Extensions */ = {
			isa = PBXGroup;
			children = (
				CA1738E723DF6612001FCA95 /* Date.swift */,
				CA1738E823DF6612001FCA95 /* Collection.swift */,
				CA1738E923DF6612001FCA95 /* Int.swift */,
				CA1738EA23DF6612001FCA95 /* CGFloat.swift */,
			);
			path = Extensions;
			sourceTree = "<group>";
		};
		CA1738EB23DF6612001FCA95 /* Model */ = {
			isa = PBXGroup;
			children = (
				CA1738EC23DF6612001FCA95 /* Section.swift */,
				CA1738ED23DF6612001FCA95 /* DateState.swift */,
				CA1738EE23DF6612001FCA95 /* ASDate.swift */,
			);
			path = Model;
			sourceTree = "<group>";
		};
/* End PBXGroup section */

/* Begin PBXHeadersBuildPhase section */
		8AB8507A23C279FA00BED14E /* Headers */ = {
			isa = PBXHeadersBuildPhase;
			buildActionMask = 2147483647;
			files = (
				8AB8509023C279FB00BED14E /* ASCalendar.h in Headers */,
			);
			runOnlyForDeploymentPostprocessing = 0;
		};
/* End PBXHeadersBuildPhase section */

/* Begin PBXNativeTarget section */
		8AB8507E23C279FA00BED14E /* ASCalendar */ = {
			isa = PBXNativeTarget;
			buildConfigurationList = 8AB8509323C279FB00BED14E /* Build configuration list for PBXNativeTarget "ASCalendar" */;
			buildPhases = (
				8AB8507A23C279FA00BED14E /* Headers */,
				8AB8507B23C279FA00BED14E /* Sources */,
				8AB8507C23C279FA00BED14E /* Frameworks */,
				8AB8507D23C279FA00BED14E /* Resources */,
			);
			buildRules = (
			);
			dependencies = (
			);
			name = ASCalendar;
			productName = ASCalendar;
			productReference = 8AB8507F23C279FA00BED14E /* ASCalendar.framework */;
			productType = "com.apple.product-type.framework";
		};
		8AB8508723C279FB00BED14E /* ASCalendarTests */ = {
			isa = PBXNativeTarget;
			buildConfigurationList = 8AB8509623C279FB00BED14E /* Build configuration list for PBXNativeTarget "ASCalendarTests" */;
			buildPhases = (
				8AB8508423C279FB00BED14E /* Sources */,
				8AB8508523C279FB00BED14E /* Frameworks */,
				8AB8508623C279FB00BED14E /* Resources */,
			);
			buildRules = (
			);
			dependencies = (
				8AB8508B23C279FB00BED14E /* PBXTargetDependency */,
			);
			name = ASCalendarTests;
			productName = ASCalendarTests;
			productReference = 8AB8508823C279FB00BED14E /* ASCalendarTests.xctest */;
			productType = "com.apple.product-type.bundle.unit-test";
		};
/* End PBXNativeTarget section */

/* Begin PBXProject section */
		8AB8507623C279FA00BED14E /* Project object */ = {
			isa = PBXProject;
			attributes = {
				LastSwiftUpdateCheck = 1130;
				LastUpgradeCheck = 1130;
				ORGANIZATIONNAME = "Алексей Смирнов";
				TargetAttributes = {
					8AB8507E23C279FA00BED14E = {
						CreatedOnToolsVersion = 11.3;
						LastSwiftMigration = 1120;
					};
					8AB8508723C279FB00BED14E = {
						CreatedOnToolsVersion = 11.3;
					};
				};
			};
			buildConfigurationList = 8AB8507923C279FA00BED14E /* Build configuration list for PBXProject "ASCalendar" */;
			compatibilityVersion = "Xcode 9.3";
			developmentRegion = en;
			hasScannedForEncodings = 0;
			knownRegions = (
				en,
				Base,
			);
			mainGroup = 8AB8507523C279FA00BED14E;
			productRefGroup = 8AB8508023C279FA00BED14E /* Products */;
			projectDirPath = "";
			projectRoot = "";
			targets = (
				8AB8507E23C279FA00BED14E /* ASCalendar */,
				8AB8508723C279FB00BED14E /* ASCalendarTests */,
			);
		};
/* End PBXProject section */

/* Begin PBXResourcesBuildPhase section */
		8AB8507D23C279FA00BED14E /* Resources */ = {
			isa = PBXResourcesBuildPhase;
			buildActionMask = 2147483647;
			files = (
			);
			runOnlyForDeploymentPostprocessing = 0;
		};
		8AB8508623C279FB00BED14E /* Resources */ = {
			isa = PBXResourcesBuildPhase;
			buildActionMask = 2147483647;
			files = (
			);
			runOnlyForDeploymentPostprocessing = 0;
		};
/* End PBXResourcesBuildPhase section */

/* Begin PBXSourcesBuildPhase section */
		8AB8507B23C279FA00BED14E /* Sources */ = {
			isa = PBXSourcesBuildPhase;
			buildActionMask = 2147483647;
			files = (
				CA1738FE23DF6612001FCA95 /* Section.swift in Sources */,
				CA1738F723DF6612001FCA95 /* CalendarView.swift in Sources */,
				CA1738F523DF6612001FCA95 /* Header.swift in Sources */,
				CA1738F323DF6612001FCA95 /* DatesView.swift in Sources */,
				CA1738EF23DF6612001FCA95 /* DefaultCalendarConfiguration.swift in Sources */,
				CA1738FB23DF6612001FCA95 /* Collection.swift in Sources */,
				CA1738FF23DF6612001FCA95 /* DateState.swift in Sources */,
				CA1738F223DF6612001FCA95 /* ASDateManager.swift in Sources */,
				CA17390023DF6612001FCA95 /* ASDate.swift in Sources */,
				CA1738F823DF6612001FCA95 /* PrimitiveStyleConfiguration.swift in Sources */,
				CA1738FD23DF6612001FCA95 /* CGFloat.swift in Sources */,
				CA1738F023DF6612001FCA95 /* View.swift in Sources */,
				CA1738F623DF6612001FCA95 /* DateView.swift in Sources */,
				CA1738F123DF6612001FCA95 /* EnvironmentValues.swift in Sources */,
				CA1738F923DF6612001FCA95 /* GridView.swift in Sources */,
				CA1738FC23DF6612001FCA95 /* Int.swift in Sources */,
				CA1738FA23DF6612001FCA95 /* Date.swift in Sources */,
				CA1738F423DF6612001FCA95 /* MonthView.swift in Sources */,
			);
			runOnlyForDeploymentPostprocessing = 0;
		};
		8AB8508423C279FB00BED14E /* Sources */ = {
			isa = PBXSourcesBuildPhase;
			buildActionMask = 2147483647;
			files = (
				8AB8508E23C279FB00BED14E /* ASCalendarTests.swift in Sources */,
			);
			runOnlyForDeploymentPostprocessing = 0;
		};
/* End PBXSourcesBuildPhase section */

/* Begin PBXTargetDependency section */
		8AB8508B23C279FB00BED14E /* PBXTargetDependency */ = {
			isa = PBXTargetDependency;
			target = 8AB8507E23C279FA00BED14E /* ASCalendar */;
			targetProxy = 8AB8508A23C279FB00BED14E /* PBXContainerItemProxy */;
		};
/* End PBXTargetDependency section */

/* Begin XCBuildConfiguration section */
		8AB8509123C279FB00BED14E /* Debug */ = {
			isa = XCBuildConfiguration;
			buildSettings = {
				ALWAYS_SEARCH_USER_PATHS = NO;
				CLANG_ANALYZER_NONNULL = YES;
				CLANG_ANALYZER_NUMBER_OBJECT_CONVERSION = YES_AGGRESSIVE;
				CLANG_CXX_LANGUAGE_STANDARD = "gnu++14";
				CLANG_CXX_LIBRARY = "libc++";
				CLANG_ENABLE_MODULES = YES;
				CLANG_ENABLE_OBJC_ARC = YES;
				CLANG_ENABLE_OBJC_WEAK = YES;
				CLANG_WARN_BLOCK_CAPTURE_AUTORELEASING = YES;
				CLANG_WARN_BOOL_CONVERSION = YES;
				CLANG_WARN_COMMA = YES;
				CLANG_WARN_CONSTANT_CONVERSION = YES;
				CLANG_WARN_DEPRECATED_OBJC_IMPLEMENTATIONS = YES;
				CLANG_WARN_DIRECT_OBJC_ISA_USAGE = YES_ERROR;
				CLANG_WARN_DOCUMENTATION_COMMENTS = YES;
				CLANG_WARN_EMPTY_BODY = YES;
				CLANG_WARN_ENUM_CONVERSION = YES;
				CLANG_WARN_INFINITE_RECURSION = YES;
				CLANG_WARN_INT_CONVERSION = YES;
				CLANG_WARN_NON_LITERAL_NULL_CONVERSION = YES;
				CLANG_WARN_OBJC_IMPLICIT_RETAIN_SELF = YES;
				CLANG_WARN_OBJC_LITERAL_CONVERSION = YES;
				CLANG_WARN_OBJC_ROOT_CLASS = YES_ERROR;
				CLANG_WARN_RANGE_LOOP_ANALYSIS = YES;
				CLANG_WARN_STRICT_PROTOTYPES = YES;
				CLANG_WARN_SUSPICIOUS_MOVE = YES;
				CLANG_WARN_UNGUARDED_AVAILABILITY = YES_AGGRESSIVE;
				CLANG_WARN_UNREACHABLE_CODE = YES;
				CLANG_WARN__DUPLICATE_METHOD_MATCH = YES;
				COPY_PHASE_STRIP = NO;
				CURRENT_PROJECT_VERSION = 1;
				DEBUG_INFORMATION_FORMAT = dwarf;
				ENABLE_STRICT_OBJC_MSGSEND = YES;
				ENABLE_TESTABILITY = YES;
				GCC_C_LANGUAGE_STANDARD = gnu11;
				GCC_DYNAMIC_NO_PIC = NO;
				GCC_NO_COMMON_BLOCKS = YES;
				GCC_OPTIMIZATION_LEVEL = 0;
				GCC_PREPROCESSOR_DEFINITIONS = (
					"DEBUG=1",
					"$(inherited)",
				);
				GCC_WARN_64_TO_32_BIT_CONVERSION = YES;
				GCC_WARN_ABOUT_RETURN_TYPE = YES_ERROR;
				GCC_WARN_UNDECLARED_SELECTOR = YES;
				GCC_WARN_UNINITIALIZED_AUTOS = YES_AGGRESSIVE;
				GCC_WARN_UNUSED_FUNCTION = YES;
				GCC_WARN_UNUSED_VARIABLE = YES;
				IPHONEOS_DEPLOYMENT_TARGET = 13.2;
				MTL_ENABLE_DEBUG_INFO = INCLUDE_SOURCE;
				MTL_FAST_MATH = YES;
				ONLY_ACTIVE_ARCH = YES;
				SDKROOT = iphoneos;
				SWIFT_ACTIVE_COMPILATION_CONDITIONS = DEBUG;
				SWIFT_OPTIMIZATION_LEVEL = "-Onone";
				VERSIONING_SYSTEM = "apple-generic";
				VERSION_INFO_PREFIX = "";
			};
			name = Debug;
		};
		8AB8509223C279FB00BED14E /* Release */ = {
			isa = XCBuildConfiguration;
			buildSettings = {
				ALWAYS_SEARCH_USER_PATHS = NO;
				CLANG_ANALYZER_NONNULL = YES;
				CLANG_ANALYZER_NUMBER_OBJECT_CONVERSION = YES_AGGRESSIVE;
				CLANG_CXX_LANGUAGE_STANDARD = "gnu++14";
				CLANG_CXX_LIBRARY = "libc++";
				CLANG_ENABLE_MODULES = YES;
				CLANG_ENABLE_OBJC_ARC = YES;
				CLANG_ENABLE_OBJC_WEAK = YES;
				CLANG_WARN_BLOCK_CAPTURE_AUTORELEASING = YES;
				CLANG_WARN_BOOL_CONVERSION = YES;
				CLANG_WARN_COMMA = YES;
				CLANG_WARN_CONSTANT_CONVERSION = YES;
				CLANG_WARN_DEPRECATED_OBJC_IMPLEMENTATIONS = YES;
				CLANG_WARN_DIRECT_OBJC_ISA_USAGE = YES_ERROR;
				CLANG_WARN_DOCUMENTATION_COMMENTS = YES;
				CLANG_WARN_EMPTY_BODY = YES;
				CLANG_WARN_ENUM_CONVERSION = YES;
				CLANG_WARN_INFINITE_RECURSION = YES;
				CLANG_WARN_INT_CONVERSION = YES;
				CLANG_WARN_NON_LITERAL_NULL_CONVERSION = YES;
				CLANG_WARN_OBJC_IMPLICIT_RETAIN_SELF = YES;
				CLANG_WARN_OBJC_LITERAL_CONVERSION = YES;
				CLANG_WARN_OBJC_ROOT_CLASS = YES_ERROR;
				CLANG_WARN_RANGE_LOOP_ANALYSIS = YES;
				CLANG_WARN_STRICT_PROTOTYPES = YES;
				CLANG_WARN_SUSPICIOUS_MOVE = YES;
				CLANG_WARN_UNGUARDED_AVAILABILITY = YES_AGGRESSIVE;
				CLANG_WARN_UNREACHABLE_CODE = YES;
				CLANG_WARN__DUPLICATE_METHOD_MATCH = YES;
				COPY_PHASE_STRIP = NO;
				CURRENT_PROJECT_VERSION = 1;
				DEBUG_INFORMATION_FORMAT = "dwarf-with-dsym";
				ENABLE_NS_ASSERTIONS = NO;
				ENABLE_STRICT_OBJC_MSGSEND = YES;
				GCC_C_LANGUAGE_STANDARD = gnu11;
				GCC_NO_COMMON_BLOCKS = YES;
				GCC_WARN_64_TO_32_BIT_CONVERSION = YES;
				GCC_WARN_ABOUT_RETURN_TYPE = YES_ERROR;
				GCC_WARN_UNDECLARED_SELECTOR = YES;
				GCC_WARN_UNINITIALIZED_AUTOS = YES_AGGRESSIVE;
				GCC_WARN_UNUSED_FUNCTION = YES;
				GCC_WARN_UNUSED_VARIABLE = YES;
				IPHONEOS_DEPLOYMENT_TARGET = 13.2;
				MTL_ENABLE_DEBUG_INFO = NO;
				MTL_FAST_MATH = YES;
				SDKROOT = iphoneos;
				SWIFT_COMPILATION_MODE = wholemodule;
				SWIFT_OPTIMIZATION_LEVEL = "-O";
				VALIDATE_PRODUCT = YES;
				VERSIONING_SYSTEM = "apple-generic";
				VERSION_INFO_PREFIX = "";
			};
			name = Release;
		};
		8AB8509423C279FB00BED14E /* Debug */ = {
			isa = XCBuildConfiguration;
			buildSettings = {
				CLANG_ENABLE_MODULES = YES;
				CODE_SIGN_STYLE = Automatic;
				DEFINES_MODULE = YES;
				DEVELOPMENT_TEAM = YKG5C7DUKF;
				DYLIB_COMPATIBILITY_VERSION = 1;
				DYLIB_CURRENT_VERSION = 1;
				DYLIB_INSTALL_NAME_BASE = "@rpath";
				INFOPLIST_FILE = ASCalendar/Info.plist;
				INSTALL_PATH = "$(LOCAL_LIBRARY_DIR)/Frameworks";
				LD_RUNPATH_SEARCH_PATHS = (
					"$(inherited)",
					"@executable_path/Frameworks",
					"@loader_path/Frameworks",
				);
				MARKETING_VERSION = 1.0.0;
				PRODUCT_BUNDLE_IDENTIFIER = "com.smirnov-Development.ASCalendar";
				PRODUCT_NAME = "$(TARGET_NAME:c99extidentifier)";
				SKIP_INSTALL = YES;
				SWIFT_OPTIMIZATION_LEVEL = "-Onone";
				SWIFT_VERSION = 5.0;
				TARGETED_DEVICE_FAMILY = "1,2";
			};
			name = Debug;
		};
		8AB8509523C279FB00BED14E /* Release */ = {
			isa = XCBuildConfiguration;
			buildSettings = {
				CLANG_ENABLE_MODULES = YES;
				CODE_SIGN_STYLE = Automatic;
				DEFINES_MODULE = YES;
				DEVELOPMENT_TEAM = YKG5C7DUKF;
				DYLIB_COMPATIBILITY_VERSION = 1;
				DYLIB_CURRENT_VERSION = 1;
				DYLIB_INSTALL_NAME_BASE = "@rpath";
				INFOPLIST_FILE = ASCalendar/Info.plist;
				INSTALL_PATH = "$(LOCAL_LIBRARY_DIR)/Frameworks";
				LD_RUNPATH_SEARCH_PATHS = (
					"$(inherited)",
					"@executable_path/Frameworks",
					"@loader_path/Frameworks",
				);
				MARKETING_VERSION = 1.0.0;
				PRODUCT_BUNDLE_IDENTIFIER = "com.smirnov-Development.ASCalendar";
				PRODUCT_NAME = "$(TARGET_NAME:c99extidentifier)";
				SKIP_INSTALL = YES;
				SWIFT_VERSION = 5.0;
				TARGETED_DEVICE_FAMILY = "1,2";
			};
			name = Release;
		};
		8AB8509723C279FB00BED14E /* Debug */ = {
			isa = XCBuildConfiguration;
			buildSettings = {
				ALWAYS_EMBED_SWIFT_STANDARD_LIBRARIES = YES;
				CODE_SIGN_STYLE = Automatic;
				DEVELOPMENT_TEAM = YKG5C7DUKF;
				INFOPLIST_FILE = ASCalendarTests/Info.plist;
				LD_RUNPATH_SEARCH_PATHS = (
					"$(inherited)",
					"@executable_path/Frameworks",
					"@loader_path/Frameworks",
				);
				PRODUCT_BUNDLE_IDENTIFIER = "com.smirnov-Development.ASCalendarTests";
				PRODUCT_NAME = "$(TARGET_NAME)";
				SWIFT_VERSION = 5.0;
				TARGETED_DEVICE_FAMILY = "1,2";
			};
			name = Debug;
		};
		8AB8509823C279FB00BED14E /* Release */ = {
			isa = XCBuildConfiguration;
			buildSettings = {
				ALWAYS_EMBED_SWIFT_STANDARD_LIBRARIES = YES;
				CODE_SIGN_STYLE = Automatic;
				DEVELOPMENT_TEAM = YKG5C7DUKF;
				INFOPLIST_FILE = ASCalendarTests/Info.plist;
				LD_RUNPATH_SEARCH_PATHS = (
					"$(inherited)",
					"@executable_path/Frameworks",
					"@loader_path/Frameworks",
				);
				PRODUCT_BUNDLE_IDENTIFIER = "com.smirnov-Development.ASCalendarTests";
				PRODUCT_NAME = "$(TARGET_NAME)";
				SWIFT_VERSION = 5.0;
				TARGETED_DEVICE_FAMILY = "1,2";
			};
			name = Release;
		};
/* End XCBuildConfiguration section */

/* Begin XCConfigurationList section */
		8AB8507923C279FA00BED14E /* Build configuration list for PBXProject "ASCalendar" */ = {
			isa = XCConfigurationList;
			buildConfigurations = (
				8AB8509123C279FB00BED14E /* Debug */,
				8AB8509223C279FB00BED14E /* Release */,
			);
			defaultConfigurationIsVisible = 0;
			defaultConfigurationName = Release;
		};
		8AB8509323C279FB00BED14E /* Build configuration list for PBXNativeTarget "ASCalendar" */ = {
			isa = XCConfigurationList;
			buildConfigurations = (
				8AB8509423C279FB00BED14E /* Debug */,
				8AB8509523C279FB00BED14E /* Release */,
			);
			defaultConfigurationIsVisible = 0;
			defaultConfigurationName = Release;
		};
		8AB8509623C279FB00BED14E /* Build configuration list for PBXNativeTarget "ASCalendarTests" */ = {
			isa = XCConfigurationList;
			buildConfigurations = (
				8AB8509723C279FB00BED14E /* Debug */,
				8AB8509823C279FB00BED14E /* Release */,
			);
			defaultConfigurationIsVisible = 0;
			defaultConfigurationName = Release;
		};
/* End XCConfigurationList section */
	};
	rootObject = 8AB8507623C279FA00BED14E /* Project object */;
}
